
Microsoft Visual Studio Solution File, Format Version 11.00
# Visual Studio 2010
Project("{FAE04EC0-301F-11D3-BF4B-00C04F79EFBC}") = "2.MatrixSum", "2.MatrixSum\2.MatrixSum.csproj", "{F546A949-BF6E-4A67-8356-8555F48DBA21}"
EndProject
Global
	GlobalSection(SolutionConfigurationPlatforms) = preSolution
		Debug|x86 = Debug|x86
		Release|x86 = Release|x86
	EndGlobalSection
	GlobalSection(ProjectConfigurationPlatforms) = postSolution
		{F546A949-BF6E-4A67-8356-8555F48DBA21}.Debug|x86.ActiveCfg = Debug|x86
		{F546A949-BF6E-4A67-8356-8555F48DBA21}.Debug|x86.Build.0 = Debug|x86
		{F546A949-BF6E-4A67-8356-8555F48DBA21}.Release|x86.ActiveCfg = Release|x86
		{F546A949-BF6E-4A67-8356-8555F48DBA21}.Release|x86.Build.0 = Release|x86
	EndGlobalSection
	GlobalSection(MonoDevelopProperties) = preSolution
		StartupItem = 2.MatrixSum\2.MatrixSum.csproj
	EndGlobalSection
EndGlobal
