
Microsoft Visual Studio Solution File, Format Version 11.00
# Visual Studio 2010
Project("{FAE04EC0-301F-11D3-BF4B-00C04F79EFBC}") = "6.Palindromes", "6.Palindromes\6.Palindromes.csproj", "{BC3BA404-F8C1-48AA-853E-255D469772A5}"
EndProject
Global
	GlobalSection(SolutionConfigurationPlatforms) = preSolution
		Debug|x86 = Debug|x86
		Release|x86 = Release|x86
	EndGlobalSection
	GlobalSection(ProjectConfigurationPlatforms) = postSolution
		{BC3BA404-F8C1-48AA-853E-255D469772A5}.Debug|x86.ActiveCfg = Debug|x86
		{BC3BA404-F8C1-48AA-853E-255D469772A5}.Debug|x86.Build.0 = Debug|x86
		{BC3BA404-F8C1-48AA-853E-255D469772A5}.Release|x86.ActiveCfg = Release|x86
		{BC3BA404-F8C1-48AA-853E-255D469772A5}.Release|x86.Build.0 = Release|x86
	EndGlobalSection
	GlobalSection(MonoDevelopProperties) = preSolution
		StartupItem = 6.Palindromes\6.Palindromes.csproj
	EndGlobalSection
EndGlobal
